
Microsoft Visual Studio Solution File, Format Version 12.00
# Visual Studio Version 17
VisualStudioVersion = 17.10.34928.147
MinimumVisualStudioVersion = 10.0.40219.1
Project("{FAE04EC0-301F-11D3-BF4B-00C04F79EFBC}") = "webapiTest", "webapiTest\webapiTest.csproj", "{0383B110-5336-4AF7-937B-FB0263D54121}"
EndProject
Global
	GlobalSection(SolutionConfigurationPlatforms) = preSolution
		Debug|Any CPU = Debug|Any CPU
		Release|Any CPU = Release|Any CPU
	EndGlobalSection
	GlobalSection(ProjectConfigurationPlatforms) = postSolution
		{0383B110-5336-4AF7-937B-FB0263D54121}.Debug|Any CPU.ActiveCfg = Debug|Any CPU
		{0383B110-5336-4AF7-937B-FB0263D54121}.Debug|Any CPU.Build.0 = Debug|Any CPU
		{0383B110-5336-4AF7-937B-FB0263D54121}.Release|Any CPU.ActiveCfg = Release|Any CPU
		{0383B110-5336-4AF7-937B-FB0263D54121}.Release|Any CPU.Build.0 = Release|Any CPU
	EndGlobalSection
	GlobalSection(SolutionProperties) = preSolution
		HideSolutionNode = FALSE
	EndGlobalSection
	GlobalSection(ExtensibilityGlobals) = postSolution
		SolutionGuid = {E2741284-D356-46B0-89B0-C04B721264E0}
	EndGlobalSection
EndGlobal
